# This file is automatically @generated by Poetry 1.8.3 and should not be changed by hand.

[[package]]
name = "pydub"
version = "0.25.1"
description = "Manipulate audio with an simple and easy high level interface"
optional = false
python-versions = "*"
files = [
    {file = "pydub-0.25.1-py2.py3-none-any.whl", hash = "sha256:65617e33033874b59d87db603aa1ed450633288aefead953b30bded59cb599a6"},
    {file = "pydub-0.25.1.tar.gz", hash = "sha256:980a33ce9949cab2a569606b65674d748ecbca4f0796887fd6f46173a7b0d30f"},
]

[metadata]
lock-version = "2.0"
python-versions = "^3.10"
content-hash = "2f03b13bb7a06894989a6922ca38de51da6367ba86937fefd0da29970805d73d"
